
Microsoft Visual Studio Solution File, Format Version 12.00
# Visual Studio Version 16
VisualStudioVersion = 16.0.32002.261
MinimumVisualStudioVersion = 10.0.40219.1
Project("{FAE04EC0-301F-11D3-BF4B-00C04F79EFBC}") = "MLTA_1", "MLTA_1\MLTA_1.csproj", "{815DAF22-9E31-4239-BA53-1765035AA332}"
EndProject
Global
	GlobalSection(SolutionConfigurationPlatforms) = preSolution
		Debug|Any CPU = Debug|Any CPU
		Release|Any CPU = Release|Any CPU
	EndGlobalSection
	GlobalSection(ProjectConfigurationPlatforms) = postSolution
		{815DAF22-9E31-4239-BA53-1765035AA332}.Debug|Any CPU.ActiveCfg = Debug|Any CPU
		{815DAF22-9E31-4239-BA53-1765035AA332}.Debug|Any CPU.Build.0 = Debug|Any CPU
		{815DAF22-9E31-4239-BA53-1765035AA332}.Release|Any CPU.ActiveCfg = Release|Any CPU
		{815DAF22-9E31-4239-BA53-1765035AA332}.Release|Any CPU.Build.0 = Release|Any CPU
	EndGlobalSection
	GlobalSection(SolutionProperties) = preSolution
		HideSolutionNode = FALSE
	EndGlobalSection
	GlobalSection(ExtensibilityGlobals) = postSolution
		SolutionGuid = {AA212693-4EE4-4676-A3C6-30D38583097C}
	EndGlobalSection
EndGlobal
